
Microsoft Visual Studio Solution File, Format Version 12.00
# Visual Studio Version 17
VisualStudioVersion = 17.0.31903.59
MinimumVisualStudioVersion = 10.0.40219.1
Project("{9A19103F-16F7-4668-BE54-9A1E7A4F7556}") = "Zyan.Communication.GenuineChannels", "src\Zyan.Communication.GenuineChannels.csproj", "{C361B686-A389-43D8-A617-33AA29A920B1}"
EndProject
Global
	GlobalSection(SolutionConfigurationPlatforms) = preSolution
		Debug|Any CPU = Debug|Any CPU
		Release|Any CPU = Release|Any CPU
	EndGlobalSection
	GlobalSection(ProjectConfigurationPlatforms) = postSolution
		{C361B686-A389-43D8-A617-33AA29A920B1}.Debug|Any CPU.ActiveCfg = Debug|Any CPU
		{C361B686-A389-43D8-A617-33AA29A920B1}.Debug|Any CPU.Build.0 = Debug|Any CPU
		{C361B686-A389-43D8-A617-33AA29A920B1}.Release|Any CPU.ActiveCfg = Release|Any CPU
		{C361B686-A389-43D8-A617-33AA29A920B1}.Release|Any CPU.Build.0 = Release|Any CPU
	EndGlobalSection
	GlobalSection(SolutionProperties) = preSolution
		HideSolutionNode = FALSE
	EndGlobalSection
	GlobalSection(ExtensibilityGlobals) = postSolution
		SolutionGuid = {64AAF0E8-3471-4889-B80F-DC94780C904A}
	EndGlobalSection
EndGlobal
